
Microsoft Visual Studio Solution File, Format Version 12.00
# Visual Studio Version 17
VisualStudioVersion = 17.2.32516.85
MinimumVisualStudioVersion = 10.0.40219.1
Project("{FAE04EC0-301F-11D3-BF4B-00C04F79EFBC}") = "SimpleDownloadFile", "SimpleDownloadFile.csproj", "{B51A368E-BC10-4840-B483-0DECA44F2198}"
EndProject
Global
	GlobalSection(SolutionConfigurationPlatforms) = preSolution
		Debug|Any CPU = Debug|Any CPU
		Release|Any CPU = Release|Any CPU
	EndGlobalSection
	GlobalSection(ProjectConfigurationPlatforms) = postSolution
		{B51A368E-BC10-4840-B483-0DECA44F2198}.Debug|Any CPU.ActiveCfg = Debug|Any CPU
		{B51A368E-BC10-4840-B483-0DECA44F2198}.Debug|Any CPU.Build.0 = Debug|Any CPU
		{B51A368E-BC10-4840-B483-0DECA44F2198}.Release|Any CPU.ActiveCfg = Release|Any CPU
		{B51A368E-BC10-4840-B483-0DECA44F2198}.Release|Any CPU.Build.0 = Release|Any CPU
	EndGlobalSection
	GlobalSection(SolutionProperties) = preSolution
		HideSolutionNode = FALSE
	EndGlobalSection
	GlobalSection(ExtensibilityGlobals) = postSolution
		SolutionGuid = {19E25BF8-6FC8-4D09-9EA6-14C09CAA35A9}
	EndGlobalSection
EndGlobal
